
Microsoft Visual Studio Solution File, Format Version 12.00
# Visual Studio Version 16
VisualStudioVersion = 16.0.30320.27
MinimumVisualStudioVersion = 10.0.40219.1
Project("{FAE04EC0-301F-11D3-BF4B-00C04F79EFBC}") = "U18220909_HW004", "U18220909_HW004.csproj", "{A3C87ADC-1876-4DD4-A0A8-29584D8A786C}"
EndProject
Global
	GlobalSection(SolutionConfigurationPlatforms) = preSolution
		Debug|Any CPU = Debug|Any CPU
		Release|Any CPU = Release|Any CPU
	EndGlobalSection
	GlobalSection(ProjectConfigurationPlatforms) = postSolution
		{A3C87ADC-1876-4DD4-A0A8-29584D8A786C}.Debug|Any CPU.ActiveCfg = Debug|Any CPU
		{A3C87ADC-1876-4DD4-A0A8-29584D8A786C}.Debug|Any CPU.Build.0 = Debug|Any CPU
		{A3C87ADC-1876-4DD4-A0A8-29584D8A786C}.Release|Any CPU.ActiveCfg = Release|Any CPU
		{A3C87ADC-1876-4DD4-A0A8-29584D8A786C}.Release|Any CPU.Build.0 = Release|Any CPU
	EndGlobalSection
	GlobalSection(SolutionProperties) = preSolution
		HideSolutionNode = FALSE
	EndGlobalSection
	GlobalSection(ExtensibilityGlobals) = postSolution
		SolutionGuid = {260C2924-CB16-4256-8EC1-5161BF2DA3E2}
	EndGlobalSection
EndGlobal
